// !$*UTF8*$!
{
	archiveVersion = 1;
	classes = {
	};
	objectVersion = 50;
	objects = {

/* Begin PBXBuildFile section */
		419132CE24E28916009F57D2 /* HourlyWeatherViewModel.swift in Sources */ = {isa = PBXBuildFile; fileRef = 419132CD24E28916009F57D2 /* HourlyWeatherViewModel.swift */; };
		419132D024E28B90009F57D2 /* HourlyWeatherRowViewModel.swift in Sources */ = {isa = PBXBuildFile; fileRef = 419132CF24E28B90009F57D2 /* HourlyWeatherRowViewModel.swift */; };
		419132D224E29747009F57D2 /* HourlyWeatherRow.swift in Sources */ = {isa = PBXBuildFile; fileRef = 419132D124E29747009F57D2 /* HourlyWeatherRow.swift */; };
		419132D424E29A93009F57D2 /* HourlyWeatherSectionViewModel.swift in Sources */ = {isa = PBXBuildFile; fileRef = 419132D324E29A93009F57D2 /* HourlyWeatherSectionViewModel.swift */; };
		419132D724E29F0A009F57D2 /* HourlyWeatherContract.swift in Sources */ = {isa = PBXBuildFile; fileRef = 419132D624E29F0A009F57D2 /* HourlyWeatherContract.swift */; };
		419132DB24E2B576009F57D2 /* CityList.swift in Sources */ = {isa = PBXBuildFile; fileRef = 419132DA24E2B576009F57D2 /* CityList.swift */; };
		419132DE24E2B5A4009F57D2 /* CityListContract.swift in Sources */ = {isa = PBXBuildFile; fileRef = 419132DD24E2B5A4009F57D2 /* CityListContract.swift */; };
		419132E024E2B5B2009F57D2 /* CityListViewModel.swift in Sources */ = {isa = PBXBuildFile; fileRef = 419132DF24E2B5B2009F57D2 /* CityListViewModel.swift */; };
		419132E224E2B609009F57D2 /* City.swift in Sources */ = {isa = PBXBuildFile; fileRef = 419132E124E2B609009F57D2 /* City.swift */; };
		419132E524E2BE2D009F57D2 /* CityRow.swift in Sources */ = {isa = PBXBuildFile; fileRef = 419132E424E2BE2D009F57D2 /* CityRow.swift */; };
		419132E924E2C1FF009F57D2 /* CityListViewBuilderContract.swift in Sources */ = {isa = PBXBuildFile; fileRef = 419132E824E2C1FF009F57D2 /* CityListViewBuilderContract.swift */; };
		419132EB24E2CA0A009F57D2 /* CityListBuilder.swift in Sources */ = {isa = PBXBuildFile; fileRef = 419132EA24E2CA0A009F57D2 /* CityListBuilder.swift */; };
		419132EE24E2CB9E009F57D2 /* AddCity.swift in Sources */ = {isa = PBXBuildFile; fileRef = 419132ED24E2CB9E009F57D2 /* AddCity.swift */; };
		419132F124E2DAB2009F57D2 /* CityListPresentable.swift in Sources */ = {isa = PBXBuildFile; fileRef = 419132F024E2DAB2009F57D2 /* CityListPresentable.swift */; };
		41EE942824DFF134008A1377 /* AppDelegate.swift in Sources */ = {isa = PBXBuildFile; fileRef = 41EE942724DFF134008A1377 /* AppDelegate.swift */; };
		41EE942A24DFF134008A1377 /* SceneDelegate.swift in Sources */ = {isa = PBXBuildFile; fileRef = 41EE942924DFF134008A1377 /* SceneDelegate.swift */; };
		41EE942C24DFF134008A1377 /* WeatherForecast.swift in Sources */ = {isa = PBXBuildFile; fileRef = 41EE942B24DFF134008A1377 /* WeatherForecast.swift */; };
		41EE942E24DFF13D008A1377 /* Assets.xcassets in Resources */ = {isa = PBXBuildFile; fileRef = 41EE942D24DFF13D008A1377 /* Assets.xcassets */; };
		41EE943124DFF13D008A1377 /* Preview Assets.xcassets in Resources */ = {isa = PBXBuildFile; fileRef = 41EE943024DFF13D008A1377 /* Preview Assets.xcassets */; };
		41EE943424DFF13D008A1377 /* LaunchScreen.storyboard in Resources */ = {isa = PBXBuildFile; fileRef = 41EE943224DFF13D008A1377 /* LaunchScreen.storyboard */; };
		41EE943F24DFF13D008A1377 /* WeatherTests.swift in Sources */ = {isa = PBXBuildFile; fileRef = 41EE943E24DFF13D008A1377 /* WeatherTests.swift */; };
		41EE944D24DFF182008A1377 /* ProviderContract.swift in Sources */ = {isa = PBXBuildFile; fileRef = 41EE944C24DFF182008A1377 /* ProviderContract.swift */; };
		41EE944F24DFF1B2008A1377 /* WeatherServiceProvider.swift in Sources */ = {isa = PBXBuildFile; fileRef = 41EE944E24DFF1B2008A1377 /* WeatherServiceProvider.swift */; };
		41EE945124DFF20F008A1377 /* NetworkClient.swift in Sources */ = {isa = PBXBuildFile; fileRef = 41EE945024DFF20F008A1377 /* NetworkClient.swift */; };
		41EE945324DFF23D008A1377 /* NetworkContact.swift in Sources */ = {isa = PBXBuildFile; fileRef = 41EE945224DFF23D008A1377 /* NetworkContact.swift */; };
		41EE945624DFF401008A1377 /* URLBuilterType.swift in Sources */ = {isa = PBXBuildFile; fileRef = 41EE945524DFF401008A1377 /* URLBuilterType.swift */; };
		41EE945924DFF430008A1377 /* URLBuilder.swift in Sources */ = {isa = PBXBuildFile; fileRef = 41EE945824DFF430008A1377 /* URLBuilder.swift */; };
		41EE945C24DFF976008A1377 /* CurrentWeatherForecastResponse.swift in Sources */ = {isa = PBXBuildFile; fileRef = 41EE945B24DFF976008A1377 /* CurrentWeatherForecastResponse.swift */; };
		41EE945E24DFFAD9008A1377 /* HourlyWeatherForecastResponse.swift in Sources */ = {isa = PBXBuildFile; fileRef = 41EE945D24DFFAD9008A1377 /* HourlyWeatherForecastResponse.swift */; };
		41EE946224E00B90008A1377 /* ViewState.swift in Sources */ = {isa = PBXBuildFile; fileRef = 41EE946124E00B90008A1377 /* ViewState.swift */; };
		41EE946624E00BD7008A1377 /* CurrentWeatherForecast.swift in Sources */ = {isa = PBXBuildFile; fileRef = 41EE946524E00BD7008A1377 /* CurrentWeatherForecast.swift */; };
		41EE946824E011A1008A1377 /* ViewModel.swift in Sources */ = {isa = PBXBuildFile; fileRef = 41EE946724E011A1008A1377 /* ViewModel.swift */; };
		41EE946A24E011C6008A1377 /* CurrentWeatherViewModel.swift in Sources */ = {isa = PBXBuildFile; fileRef = 41EE946924E011C6008A1377 /* CurrentWeatherViewModel.swift */; };
		41EE946C24E011F0008A1377 /* CurrentWeatherContract.swift in Sources */ = {isa = PBXBuildFile; fileRef = 41EE946B24E011F0008A1377 /* CurrentWeatherContract.swift */; };
		41EE947224E0148F008A1377 /* PersistanceContract.swift in Sources */ = {isa = PBXBuildFile; fileRef = 41EE947124E0148F008A1377 /* PersistanceContract.swift */; };
		41EE947424E015F6008A1377 /* CityPersistanceCoordinator.swift in Sources */ = {isa = PBXBuildFile; fileRef = 41EE947324E015F6008A1377 /* CityPersistanceCoordinator.swift */; };
		41EE947724E01F1C008A1377 /* AppCoordinator.swift in Sources */ = {isa = PBXBuildFile; fileRef = 41EE947624E01F1C008A1377 /* AppCoordinator.swift */; };
		41EE947A24E16EC3008A1377 /* ActivityIndicator.swift in Sources */ = {isa = PBXBuildFile; fileRef = 41EE947924E16EC3008A1377 /* ActivityIndicator.swift */; };
		41EE947D24E1749F008A1377 /* CurrentWeatherRow.swift in Sources */ = {isa = PBXBuildFile; fileRef = 41EE947B24E171C3008A1377 /* CurrentWeatherRow.swift */; };
		41EE947E24E176A5008A1377 /* CurrentWeatherRowViewModel.swift in Sources */ = {isa = PBXBuildFile; fileRef = 41EE946F24E01384008A1377 /* CurrentWeatherRowViewModel.swift */; };
		41EE948024E18F70008A1377 /* WeatherForecastBuilder.swift in Sources */ = {isa = PBXBuildFile; fileRef = 41EE947F24E18F70008A1377 /* WeatherForecastBuilder.swift */; };
		41EE948324E19ED9008A1377 /* HourlyWeatherForecast.swift in Sources */ = {isa = PBXBuildFile; fileRef = 41EE948224E19ED9008A1377 /* HourlyWeatherForecast.swift */; };
		41EE948524E19FC4008A1377 /* WeatherForecastViewModel.swift in Sources */ = {isa = PBXBuildFile; fileRef = 41EE948424E19FC4008A1377 /* WeatherForecastViewModel.swift */; };
		41EE948724E1A03E008A1377 /* WeatherForecastContract.swift in Sources */ = {isa = PBXBuildFile; fileRef = 41EE948624E1A03E008A1377 /* WeatherForecastContract.swift */; };
/* End PBXBuildFile section */

/* Begin PBXContainerItemProxy section */
		41EE943B24DFF13D008A1377 /* PBXContainerItemProxy */ = {
			isa = PBXContainerItemProxy;
			containerPortal = 41EE941C24DFF133008A1377 /* Project object */;
			proxyType = 1;
			remoteGlobalIDString = 41EE942324DFF133008A1377;
			remoteInfo = Weather;
		};
/* End PBXContainerItemProxy section */

/* Begin PBXFileReference section */
		419132CD24E28916009F57D2 /* HourlyWeatherViewModel.swift */ = {isa = PBXFileReference; lastKnownFileType = sourcecode.swift; path = HourlyWeatherViewModel.swift; sourceTree = "<group>"; };
		419132CF24E28B90009F57D2 /* HourlyWeatherRowViewModel.swift */ = {isa = PBXFileReference; lastKnownFileType = sourcecode.swift; path = HourlyWeatherRowViewModel.swift; sourceTree = "<group>"; };
		419132D124E29747009F57D2 /* HourlyWeatherRow.swift */ = {isa = PBXFileReference; lastKnownFileType = sourcecode.swift; path = HourlyWeatherRow.swift; sourceTree = "<group>"; };
		419132D324E29A93009F57D2 /* HourlyWeatherSectionViewModel.swift */ = {isa = PBXFileReference; lastKnownFileType = sourcecode.swift; path = HourlyWeatherSectionViewModel.swift; sourceTree = "<group>"; };
		419132D624E29F0A009F57D2 /* HourlyWeatherContract.swift */ = {isa = PBXFileReference; lastKnownFileType = sourcecode.swift; path = HourlyWeatherContract.swift; sourceTree = "<group>"; };
		419132DA24E2B576009F57D2 /* CityList.swift */ = {isa = PBXFileReference; lastKnownFileType = sourcecode.swift; path = CityList.swift; sourceTree = "<group>"; };
		419132DD24E2B5A4009F57D2 /* CityListContract.swift */ = {isa = PBXFileReference; lastKnownFileType = sourcecode.swift; path = CityListContract.swift; sourceTree = "<group>"; };
		419132DF24E2B5B2009F57D2 /* CityListViewModel.swift */ = {isa = PBXFileReference; lastKnownFileType = sourcecode.swift; path = CityListViewModel.swift; sourceTree = "<group>"; };
		419132E124E2B609009F57D2 /* City.swift */ = {isa = PBXFileReference; lastKnownFileType = sourcecode.swift; path = City.swift; sourceTree = "<group>"; };
		419132E424E2BE2D009F57D2 /* CityRow.swift */ = {isa = PBXFileReference; lastKnownFileType = sourcecode.swift; path = CityRow.swift; sourceTree = "<group>"; };
		419132E824E2C1FF009F57D2 /* CityListViewBuilderContract.swift */ = {isa = PBXFileReference; lastKnownFileType = sourcecode.swift; path = CityListViewBuilderContract.swift; sourceTree = "<group>"; };
		419132EA24E2CA0A009F57D2 /* CityListBuilder.swift */ = {isa = PBXFileReference; lastKnownFileType = sourcecode.swift; path = CityListBuilder.swift; sourceTree = "<group>"; };
		419132ED24E2CB9E009F57D2 /* AddCity.swift */ = {isa = PBXFileReference; lastKnownFileType = sourcecode.swift; path = AddCity.swift; sourceTree = "<group>"; };
		419132F024E2DAB2009F57D2 /* CityListPresentable.swift */ = {isa = PBXFileReference; lastKnownFileType = sourcecode.swift; path = CityListPresentable.swift; sourceTree = "<group>"; };
		41EE942424DFF133008A1377 /* WeatherApp.app */ = {isa = PBXFileReference; explicitFileType = wrapper.application; includeInIndex = 0; path = WeatherApp.app; sourceTree = BUILT_PRODUCTS_DIR; };
		41EE942724DFF134008A1377 /* AppDelegate.swift */ = {isa = PBXFileReference; lastKnownFileType = sourcecode.swift; path = AppDelegate.swift; sourceTree = "<group>"; };
		41EE942924DFF134008A1377 /* SceneDelegate.swift */ = {isa = PBXFileReference; lastKnownFileType = sourcecode.swift; path = SceneDelegate.swift; sourceTree = "<group>"; };
		41EE942B24DFF134008A1377 /* WeatherForecast.swift */ = {isa = PBXFileReference; lastKnownFileType = sourcecode.swift; path = WeatherForecast.swift; sourceTree = "<group>"; };
		41EE942D24DFF13D008A1377 /* Assets.xcassets */ = {isa = PBXFileReference; lastKnownFileType = folder.assetcatalog; path = Assets.xcassets; sourceTree = "<group>"; };
		41EE943024DFF13D008A1377 /* Preview Assets.xcassets */ = {isa = PBXFileReference; lastKnownFileType = folder.assetcatalog; path = "Preview Assets.xcassets"; sourceTree = "<group>"; };
		41EE943324DFF13D008A1377 /* Base */ = {isa = PBXFileReference; lastKnownFileType = file.storyboard; name = Base; path = Base.lproj/LaunchScreen.storyboard; sourceTree = "<group>"; };
		41EE943524DFF13D008A1377 /* Info.plist */ = {isa = PBXFileReference; lastKnownFileType = text.plist.xml; path = Info.plist; sourceTree = "<group>"; };
		41EE943A24DFF13D008A1377 /* WeatherAppTests.xctest */ = {isa = PBXFileReference; explicitFileType = wrapper.cfbundle; includeInIndex = 0; path = WeatherAppTests.xctest; sourceTree = BUILT_PRODUCTS_DIR; };
		41EE943E24DFF13D008A1377 /* WeatherTests.swift */ = {isa = PBXFileReference; lastKnownFileType = sourcecode.swift; path = WeatherTests.swift; sourceTree = "<group>"; };
		41EE944024DFF13D008A1377 /* Info.plist */ = {isa = PBXFileReference; lastKnownFileType = text.plist.xml; path = Info.plist; sourceTree = "<group>"; };
		41EE944C24DFF182008A1377 /* ProviderContract.swift */ = {isa = PBXFileReference; lastKnownFileType = sourcecode.swift; path = ProviderContract.swift; sourceTree = "<group>"; };
		41EE944E24DFF1B2008A1377 /* WeatherServiceProvider.swift */ = {isa = PBXFileReference; lastKnownFileType = sourcecode.swift; path = WeatherServiceProvider.swift; sourceTree = "<group>"; };
		41EE945024DFF20F008A1377 /* NetworkClient.swift */ = {isa = PBXFileReference; lastKnownFileType = sourcecode.swift; path = NetworkClient.swift; sourceTree = "<group>"; };
		41EE945224DFF23D008A1377 /* NetworkContact.swift */ = {isa = PBXFileReference; lastKnownFileType = sourcecode.swift; path = NetworkContact.swift; sourceTree = "<group>"; };
		41EE945524DFF401008A1377 /* URLBuilterType.swift */ = {isa = PBXFileReference; lastKnownFileType = sourcecode.swift; path = URLBuilterType.swift; sourceTree = "<group>"; };
		41EE945824DFF430008A1377 /* URLBuilder.swift */ = {isa = PBXFileReference; lastKnownFileType = sourcecode.swift; path = URLBuilder.swift; sourceTree = "<group>"; };
		41EE945B24DFF976008A1377 /* CurrentWeatherForecastResponse.swift */ = {isa = PBXFileReference; lastKnownFileType = sourcecode.swift; path = CurrentWeatherForecastResponse.swift; sourceTree = "<group>"; };
		41EE945D24DFFAD9008A1377 /* HourlyWeatherForecastResponse.swift */ = {isa = PBXFileReference; lastKnownFileType = sourcecode.swift; path = HourlyWeatherForecastResponse.swift; sourceTree = "<group>"; };
		41EE946124E00B90008A1377 /* ViewState.swift */ = {isa = PBXFileReference; lastKnownFileType = sourcecode.swift; path = ViewState.swift; sourceTree = "<group>"; };
		41EE946524E00BD7008A1377 /* CurrentWeatherForecast.swift */ = {isa = PBXFileReference; lastKnownFileType = sourcecode.swift; path = CurrentWeatherForecast.swift; sourceTree = "<group>"; };
		41EE946724E011A1008A1377 /* ViewModel.swift */ = {isa = PBXFileReference; lastKnownFileType = sourcecode.swift; path = ViewModel.swift; sourceTree = "<group>"; };
		41EE946924E011C6008A1377 /* CurrentWeatherViewModel.swift */ = {isa = PBXFileReference; lastKnownFileType = sourcecode.swift; path = CurrentWeatherViewModel.swift; sourceTree = "<group>"; };
		41EE946B24E011F0008A1377 /* CurrentWeatherContract.swift */ = {isa = PBXFileReference; lastKnownFileType = sourcecode.swift; path = CurrentWeatherContract.swift; sourceTree = "<group>"; };
		41EE946F24E01384008A1377 /* CurrentWeatherRowViewModel.swift */ = {isa = PBXFileReference; lastKnownFileType = sourcecode.swift; path = CurrentWeatherRowViewModel.swift; sourceTree = "<group>"; };
		41EE947124E0148F008A1377 /* PersistanceContract.swift */ = {isa = PBXFileReference; lastKnownFileType = sourcecode.swift; path = PersistanceContract.swift; sourceTree = "<group>"; };
		41EE947324E015F6008A1377 /* CityPersistanceCoordinator.swift */ = {isa = PBXFileReference; lastKnownFileType = sourcecode.swift; path = CityPersistanceCoordinator.swift; sourceTree = "<group>"; };
		41EE947624E01F1C008A1377 /* AppCoordinator.swift */ = {isa = PBXFileReference; lastKnownFileType = sourcecode.swift; path = AppCoordinator.swift; sourceTree = "<group>"; };
		41EE947924E16EC3008A1377 /* ActivityIndicator.swift */ = {isa = PBXFileReference; lastKnownFileType = sourcecode.swift; path = ActivityIndicator.swift; sourceTree = "<group>"; };
		41EE947B24E171C3008A1377 /* CurrentWeatherRow.swift */ = {isa = PBXFileReference; lastKnownFileType = sourcecode.swift; path = CurrentWeatherRow.swift; sourceTree = "<group>"; };
		41EE947F24E18F70008A1377 /* WeatherForecastBuilder.swift */ = {isa = PBXFileReference; lastKnownFileType = sourcecode.swift; path = WeatherForecastBuilder.swift; sourceTree = "<group>"; };
		41EE948224E19ED9008A1377 /* HourlyWeatherForecast.swift */ = {isa = PBXFileReference; lastKnownFileType = sourcecode.swift; path = HourlyWeatherForecast.swift; sourceTree = "<group>"; };
		41EE948424E19FC4008A1377 /* WeatherForecastViewModel.swift */ = {isa = PBXFileReference; lastKnownFileType = sourcecode.swift; path = WeatherForecastViewModel.swift; sourceTree = "<group>"; };
		41EE948624E1A03E008A1377 /* WeatherForecastContract.swift */ = {isa = PBXFileReference; lastKnownFileType = sourcecode.swift; path = WeatherForecastContract.swift; sourceTree = "<group>"; };
/* End PBXFileReference section */

/* Begin PBXFrameworksBuildPhase section */
		41EE942124DFF133008A1377 /* Frameworks */ = {
			isa = PBXFrameworksBuildPhase;
			buildActionMask = 2147483647;
			files = (
			);
			runOnlyForDeploymentPostprocessing = 0;
		};
		41EE943724DFF13D008A1377 /* Frameworks */ = {
			isa = PBXFrameworksBuildPhase;
			buildActionMask = 2147483647;
			files = (
			);
			runOnlyForDeploymentPostprocessing = 0;
		};
/* End PBXFrameworksBuildPhase section */

/* Begin PBXGroup section */
		419132CC24E288F6009F57D2 /* Components */ = {
			isa = PBXGroup;
			children = (
				419132CF24E28B90009F57D2 /* HourlyWeatherRowViewModel.swift */,
				419132D124E29747009F57D2 /* HourlyWeatherRow.swift */,
				419132D324E29A93009F57D2 /* HourlyWeatherSectionViewModel.swift */,
			);
			path = Components;
			sourceTree = "<group>";
		};
		419132D824E2B514009F57D2 /* City */ = {
			isa = PBXGroup;
			children = (
				419132EC24E2CB8E009F57D2 /* AddCity */,
				419132D924E2B559009F57D2 /* CityList */,
			);
			path = City;
			sourceTree = "<group>";
		};
		419132D924E2B559009F57D2 /* CityList */ = {
			isa = PBXGroup;
			children = (
				419132E324E2BE17009F57D2 /* Components */,
				419132DD24E2B5A4009F57D2 /* CityListContract.swift */,
				419132DA24E2B576009F57D2 /* CityList.swift */,
				419132EA24E2CA0A009F57D2 /* CityListBuilder.swift */,
				419132DF24E2B5B2009F57D2 /* CityListViewModel.swift */,
			);
			path = CityList;
			sourceTree = "<group>";
		};
		419132E324E2BE17009F57D2 /* Components */ = {
			isa = PBXGroup;
			children = (
				419132E424E2BE2D009F57D2 /* CityRow.swift */,
			);
			path = Components;
			sourceTree = "<group>";
		};
		419132E724E2C1E7009F57D2 /* Builder */ = {
			isa = PBXGroup;
			children = (
				419132E824E2C1FF009F57D2 /* CityListViewBuilderContract.swift */,
			);
			path = Builder;
			sourceTree = "<group>";
		};
		419132EC24E2CB8E009F57D2 /* AddCity */ = {
			isa = PBXGroup;
			children = (
				419132ED24E2CB9E009F57D2 /* AddCity.swift */,
			);
			path = AddCity;
			sourceTree = "<group>";
		};
		419132EF24E2DAA2009F57D2 /* Common */ = {
			isa = PBXGroup;
			children = (
				419132F024E2DAB2009F57D2 /* CityListPresentable.swift */,
			);
			path = Common;
			sourceTree = "<group>";
		};
		41EE941B24DFF133008A1377 = {
			isa = PBXGroup;
			children = (
				41EE942624DFF133008A1377 /* Weather */,
				41EE943D24DFF13D008A1377 /* WeatherTests */,
				41EE942524DFF133008A1377 /* Products */,
			);
			sourceTree = "<group>";
		};
		41EE942524DFF133008A1377 /* Products */ = {
			isa = PBXGroup;
			children = (
				41EE942424DFF133008A1377 /* WeatherApp.app */,
				41EE943A24DFF13D008A1377 /* WeatherAppTests.xctest */,
			);
			name = Products;
			sourceTree = "<group>";
		};
		41EE942624DFF133008A1377 /* Weather */ = {
			isa = PBXGroup;
			children = (
				41EE947624E01F1C008A1377 /* AppCoordinator.swift */,
				41EE942724DFF134008A1377 /* AppDelegate.swift */,
				41EE942924DFF134008A1377 /* SceneDelegate.swift */,
				41EE946024E00B83008A1377 /* Common */,
				41EE944924DFF14C008A1377 /* Services */,
				41EE945F24E00930008A1377 /* Modules */,
				41EE942D24DFF13D008A1377 /* Assets.xcassets */,
				41EE943224DFF13D008A1377 /* LaunchScreen.storyboard */,
				41EE943524DFF13D008A1377 /* Info.plist */,
				41EE942F24DFF13D008A1377 /* Preview Content */,
			);
			path = Weather;
			sourceTree = "<group>";
		};
		41EE942F24DFF13D008A1377 /* Preview Content */ = {
			isa = PBXGroup;
			children = (
				41EE943024DFF13D008A1377 /* Preview Assets.xcassets */,
			);
			path = "Preview Content";
			sourceTree = "<group>";
		};
		41EE943D24DFF13D008A1377 /* WeatherTests */ = {
			isa = PBXGroup;
			children = (
				41EE943E24DFF13D008A1377 /* WeatherTests.swift */,
				41EE944024DFF13D008A1377 /* Info.plist */,
			);
			path = WeatherTests;
			sourceTree = "<group>";
		};
		41EE944924DFF14C008A1377 /* Services */ = {
			isa = PBXGroup;
			children = (
				41EE946D24E0130A008A1377 /* CityStorage */,
				41EE944A24DFF162008A1377 /* Networking */,
			);
			path = Services;
			sourceTree = "<group>";
		};
		41EE944A24DFF162008A1377 /* Networking */ = {
			isa = PBXGroup;
			children = (
				41EE945A24DFF951008A1377 /* Response */,
				41EE944B24DFF16B008A1377 /* API */,
				41EE945724DFF407008A1377 /* Client */,
				41EE945424DFF3EB008A1377 /* Utils */,
			);
			path = Networking;
			sourceTree = "<group>";
		};
		41EE944B24DFF16B008A1377 /* API */ = {
			isa = PBXGroup;
			children = (
				41EE944C24DFF182008A1377 /* ProviderContract.swift */,
				41EE944E24DFF1B2008A1377 /* WeatherServiceProvider.swift */,
			);
			path = API;
			sourceTree = "<group>";
		};
		41EE945424DFF3EB008A1377 /* Utils */ = {
			isa = PBXGroup;
			children = (
				41EE945524DFF401008A1377 /* URLBuilterType.swift */,
				41EE945824DFF430008A1377 /* URLBuilder.swift */,
			);
			path = Utils;
			sourceTree = "<group>";
		};
		41EE945724DFF407008A1377 /* Client */ = {
			isa = PBXGroup;
			children = (
				41EE945024DFF20F008A1377 /* NetworkClient.swift */,
				41EE945224DFF23D008A1377 /* NetworkContact.swift */,
			);
			path = Client;
			sourceTree = "<group>";
		};
		41EE945A24DFF951008A1377 /* Response */ = {
			isa = PBXGroup;
			children = (
				41EE945B24DFF976008A1377 /* CurrentWeatherForecastResponse.swift */,
				41EE945D24DFFAD9008A1377 /* HourlyWeatherForecastResponse.swift */,
			);
			path = Response;
			sourceTree = "<group>";
		};
		41EE945F24E00930008A1377 /* Modules */ = {
			isa = PBXGroup;
			children = (
				419132D824E2B514009F57D2 /* City */,
				41EE946424E00BB4008A1377 /* WeatherForecast */,
			);
			path = Modules;
			sourceTree = "<group>";
		};
		41EE946024E00B83008A1377 /* Common */ = {
			isa = PBXGroup;
			children = (
				419132E724E2C1E7009F57D2 /* Builder */,
				41EE947824E16EB2008A1377 /* View */,
				41EE946124E00B90008A1377 /* ViewState.swift */,
				41EE946724E011A1008A1377 /* ViewModel.swift */,
			);
			path = Common;
			sourceTree = "<group>";
		};
		41EE946324E00BA5008A1377 /* CurrentWeather */ = {
			isa = PBXGroup;
			children = (
				41EE946E24E01367008A1377 /* Components */,
				41EE946B24E011F0008A1377 /* CurrentWeatherContract.swift */,
				41EE946524E00BD7008A1377 /* CurrentWeatherForecast.swift */,
				41EE946924E011C6008A1377 /* CurrentWeatherViewModel.swift */,
			);
			path = CurrentWeather;
			sourceTree = "<group>";
		};
		41EE946424E00BB4008A1377 /* WeatherForecast */ = {
			isa = PBXGroup;
			children = (
				419132EF24E2DAA2009F57D2 /* Common */,
				41EE948624E1A03E008A1377 /* WeatherForecastContract.swift */,
				41EE942B24DFF134008A1377 /* WeatherForecast.swift */,
				41EE947F24E18F70008A1377 /* WeatherForecastBuilder.swift */,
				41EE948424E19FC4008A1377 /* WeatherForecastViewModel.swift */,
				41EE946324E00BA5008A1377 /* CurrentWeather */,
				41EE948124E19EA1008A1377 /* HourlyWeather */,
			);
			path = WeatherForecast;
			sourceTree = "<group>";
		};
		41EE946D24E0130A008A1377 /* CityStorage */ = {
			isa = PBXGroup;
			children = (
				41EE947124E0148F008A1377 /* PersistanceContract.swift */,
				41EE947324E015F6008A1377 /* CityPersistanceCoordinator.swift */,
				419132E124E2B609009F57D2 /* City.swift */,
			);
			path = CityStorage;
			sourceTree = "<group>";
		};
		41EE946E24E01367008A1377 /* Components */ = {
			isa = PBXGroup;
			children = (
				41EE947B24E171C3008A1377 /* CurrentWeatherRow.swift */,
				41EE946F24E01384008A1377 /* CurrentWeatherRowViewModel.swift */,
			);
			path = Components;
			sourceTree = "<group>";
		};
		41EE947824E16EB2008A1377 /* View */ = {
			isa = PBXGroup;
			children = (
				41EE947924E16EC3008A1377 /* ActivityIndicator.swift */,
			);
			path = View;
			sourceTree = "<group>";
		};
		41EE948124E19EA1008A1377 /* HourlyWeather */ = {
			isa = PBXGroup;
			children = (
				419132CC24E288F6009F57D2 /* Components */,
				419132D624E29F0A009F57D2 /* HourlyWeatherContract.swift */,
				41EE948224E19ED9008A1377 /* HourlyWeatherForecast.swift */,
				419132CD24E28916009F57D2 /* HourlyWeatherViewModel.swift */,
			);
			path = HourlyWeather;
			sourceTree = "<group>";
		};
/* End PBXGroup section */

/* Begin PBXNativeTarget section */
		41EE942324DFF133008A1377 /* WeatherApp */ = {
			isa = PBXNativeTarget;
			buildConfigurationList = 41EE944324DFF13D008A1377 /* Build configuration list for PBXNativeTarget "WeatherApp" */;
			buildPhases = (
				41EE942024DFF133008A1377 /* Sources */,
				41EE942124DFF133008A1377 /* Frameworks */,
				41EE942224DFF133008A1377 /* Resources */,
			);
			buildRules = (
			);
			dependencies = (
			);
			name = WeatherApp;
			productName = Weather;
			productReference = 41EE942424DFF133008A1377 /* WeatherApp.app */;
			productType = "com.apple.product-type.application";
		};
		41EE943924DFF13D008A1377 /* WeatherAppTests */ = {
			isa = PBXNativeTarget;
			buildConfigurationList = 41EE944624DFF13D008A1377 /* Build configuration list for PBXNativeTarget "WeatherAppTests" */;
			buildPhases = (
				41EE943624DFF13D008A1377 /* Sources */,
				41EE943724DFF13D008A1377 /* Frameworks */,
				41EE943824DFF13D008A1377 /* Resources */,
			);
			buildRules = (
			);
			dependencies = (
				41EE943C24DFF13D008A1377 /* PBXTargetDependency */,
			);
			name = WeatherAppTests;
			productName = WeatherTests;
			productReference = 41EE943A24DFF13D008A1377 /* WeatherAppTests.xctest */;
			productType = "com.apple.product-type.bundle.unit-test";
		};
/* End PBXNativeTarget section */

/* Begin PBXProject section */
		41EE941C24DFF133008A1377 /* Project object */ = {
			isa = PBXProject;
			attributes = {
				LastSwiftUpdateCheck = 1160;
				LastUpgradeCheck = 1160;
				ORGANIZATIONNAME = "Valerii Teptiuk";
				TargetAttributes = {
					41EE942324DFF133008A1377 = {
						CreatedOnToolsVersion = 11.6;
					};
					41EE943924DFF13D008A1377 = {
						CreatedOnToolsVersion = 11.6;
						TestTargetID = 41EE942324DFF133008A1377;
					};
				};
			};
			buildConfigurationList = 41EE941F24DFF133008A1377 /* Build configuration list for PBXProject "WeatherApp" */;
			compatibilityVersion = "Xcode 9.3";
			developmentRegion = en;
			hasScannedForEncodings = 0;
			knownRegions = (
				en,
				Base,
			);
			mainGroup = 41EE941B24DFF133008A1377;
			productRefGroup = 41EE942524DFF133008A1377 /* Products */;
			projectDirPath = "";
			projectRoot = "";
			targets = (
				41EE942324DFF133008A1377 /* WeatherApp */,
				41EE943924DFF13D008A1377 /* WeatherAppTests */,
			);
		};
/* End PBXProject section */

/* Begin PBXResourcesBuildPhase section */
		41EE942224DFF133008A1377 /* Resources */ = {
			isa = PBXResourcesBuildPhase;
			buildActionMask = 2147483647;
			files = (
				41EE943424DFF13D008A1377 /* LaunchScreen.storyboard in Resources */,
				41EE943124DFF13D008A1377 /* Preview Assets.xcassets in Resources */,
				41EE942E24DFF13D008A1377 /* Assets.xcassets in Resources */,
			);
			runOnlyForDeploymentPostprocessing = 0;
		};
		41EE943824DFF13D008A1377 /* Resources */ = {
			isa = PBXResourcesBuildPhase;
			buildActionMask = 2147483647;
			files = (
			);
			runOnlyForDeploymentPostprocessing = 0;
		};
/* End PBXResourcesBuildPhase section */

/* Begin PBXSourcesBuildPhase section */
		41EE942024DFF133008A1377 /* Sources */ = {
			isa = PBXSourcesBuildPhase;
			buildActionMask = 2147483647;
			files = (
				419132EE24E2CB9E009F57D2 /* AddCity.swift in Sources */,
				41EE945E24DFFAD9008A1377 /* HourlyWeatherForecastResponse.swift in Sources */,
				41EE942824DFF134008A1377 /* AppDelegate.swift in Sources */,
				419132D224E29747009F57D2 /* HourlyWeatherRow.swift in Sources */,
				41EE946A24E011C6008A1377 /* CurrentWeatherViewModel.swift in Sources */,
				41EE946624E00BD7008A1377 /* CurrentWeatherForecast.swift in Sources */,
				41EE947A24E16EC3008A1377 /* ActivityIndicator.swift in Sources */,
				419132E224E2B609009F57D2 /* City.swift in Sources */,
				41EE946224E00B90008A1377 /* ViewState.swift in Sources */,
				41EE948524E19FC4008A1377 /* WeatherForecastViewModel.swift in Sources */,
				41EE942A24DFF134008A1377 /* SceneDelegate.swift in Sources */,
				419132EB24E2CA0A009F57D2 /* CityListBuilder.swift in Sources */,
				41EE947424E015F6008A1377 /* CityPersistanceCoordinator.swift in Sources */,
				41EE945924DFF430008A1377 /* URLBuilder.swift in Sources */,
				41EE946824E011A1008A1377 /* ViewModel.swift in Sources */,
				419132DE24E2B5A4009F57D2 /* CityListContract.swift in Sources */,
				41EE948024E18F70008A1377 /* WeatherForecastBuilder.swift in Sources */,
				41EE946C24E011F0008A1377 /* CurrentWeatherContract.swift in Sources */,
				41EE944D24DFF182008A1377 /* ProviderContract.swift in Sources */,
				419132CE24E28916009F57D2 /* HourlyWeatherViewModel.swift in Sources */,
				41EE945C24DFF976008A1377 /* CurrentWeatherForecastResponse.swift in Sources */,
				41EE948724E1A03E008A1377 /* WeatherForecastContract.swift in Sources */,
				419132F124E2DAB2009F57D2 /* CityListPresentable.swift in Sources */,
				419132D724E29F0A009F57D2 /* HourlyWeatherContract.swift in Sources */,
				419132D024E28B90009F57D2 /* HourlyWeatherRowViewModel.swift in Sources */,
				41EE947724E01F1C008A1377 /* AppCoordinator.swift in Sources */,
				41EE945624DFF401008A1377 /* URLBuilterType.swift in Sources */,
				41EE948324E19ED9008A1377 /* HourlyWeatherForecast.swift in Sources */,
				419132E924E2C1FF009F57D2 /* CityListViewBuilderContract.swift in Sources */,
				419132D424E29A93009F57D2 /* HourlyWeatherSectionViewModel.swift in Sources */,
				41EE942C24DFF134008A1377 /* WeatherForecast.swift in Sources */,
				41EE947224E0148F008A1377 /* PersistanceContract.swift in Sources */,
				419132E024E2B5B2009F57D2 /* CityListViewModel.swift in Sources */,
				419132E524E2BE2D009F57D2 /* CityRow.swift in Sources */,
				41EE945324DFF23D008A1377 /* NetworkContact.swift in Sources */,
				41EE944F24DFF1B2008A1377 /* WeatherServiceProvider.swift in Sources */,
				41EE945124DFF20F008A1377 /* NetworkClient.swift in Sources */,
				41EE947E24E176A5008A1377 /* CurrentWeatherRowViewModel.swift in Sources */,
				419132DB24E2B576009F57D2 /* CityList.swift in Sources */,
				41EE947D24E1749F008A1377 /* CurrentWeatherRow.swift in Sources */,
			);
			runOnlyForDeploymentPostprocessing = 0;
		};
		41EE943624DFF13D008A1377 /* Sources */ = {
			isa = PBXSourcesBuildPhase;
			buildActionMask = 2147483647;
			files = (
				41EE943F24DFF13D008A1377 /* WeatherTests.swift in Sources */,
			);
			runOnlyForDeploymentPostprocessing = 0;
		};
/* End PBXSourcesBuildPhase section */

/* Begin PBXTargetDependency section */
		41EE943C24DFF13D008A1377 /* PBXTargetDependency */ = {
			isa = PBXTargetDependency;
			target = 41EE942324DFF133008A1377 /* WeatherApp */;
			targetProxy = 41EE943B24DFF13D008A1377 /* PBXContainerItemProxy */;
		};
/* End PBXTargetDependency section */

/* Begin PBXVariantGroup section */
		41EE943224DFF13D008A1377 /* LaunchScreen.storyboard */ = {
			isa = PBXVariantGroup;
			children = (
				41EE943324DFF13D008A1377 /* Base */,
			);
			name = LaunchScreen.storyboard;
			sourceTree = "<group>";
		};
/* End PBXVariantGroup section */

/* Begin XCBuildConfiguration section */
		41EE944124DFF13D008A1377 /* Debug */ = {
			isa = XCBuildConfiguration;
			buildSettings = {
				ALWAYS_SEARCH_USER_PATHS = NO;
				CLANG_ANALYZER_NONNULL = YES;
				CLANG_ANALYZER_NUMBER_OBJECT_CONVERSION = YES_AGGRESSIVE;
				CLANG_CXX_LANGUAGE_STANDARD = "gnu++14";
				CLANG_CXX_LIBRARY = "libc++";
				CLANG_ENABLE_MODULES = YES;
				CLANG_ENABLE_OBJC_ARC = YES;
				CLANG_ENABLE_OBJC_WEAK = YES;
				CLANG_WARN_BLOCK_CAPTURE_AUTORELEASING = YES;
				CLANG_WARN_BOOL_CONVERSION = YES;
				CLANG_WARN_COMMA = YES;
				CLANG_WARN_CONSTANT_CONVERSION = YES;
				CLANG_WARN_DEPRECATED_OBJC_IMPLEMENTATIONS = YES;
				CLANG_WARN_DIRECT_OBJC_ISA_USAGE = YES_ERROR;
				CLANG_WARN_DOCUMENTATION_COMMENTS = YES;
				CLANG_WARN_EMPTY_BODY = YES;
				CLANG_WARN_ENUM_CONVERSION = YES;
				CLANG_WARN_INFINITE_RECURSION = YES;
				CLANG_WARN_INT_CONVERSION = YES;
				CLANG_WARN_NON_LITERAL_NULL_CONVERSION = YES;
				CLANG_WARN_OBJC_IMPLICIT_RETAIN_SELF = YES;
				CLANG_WARN_OBJC_LITERAL_CONVERSION = YES;
				CLANG_WARN_OBJC_ROOT_CLASS = YES_ERROR;
				CLANG_WARN_RANGE_LOOP_ANALYSIS = YES;
				CLANG_WARN_STRICT_PROTOTYPES = YES;
				CLANG_WARN_SUSPICIOUS_MOVE = YES;
				CLANG_WARN_UNGUARDED_AVAILABILITY = YES_AGGRESSIVE;
				CLANG_WARN_UNREACHABLE_CODE = YES;
				CLANG_WARN__DUPLICATE_METHOD_MATCH = YES;
				COPY_PHASE_STRIP = NO;
				DEBUG_INFORMATION_FORMAT = dwarf;
				ENABLE_STRICT_OBJC_MSGSEND = YES;
				ENABLE_TESTABILITY = YES;
				GCC_C_LANGUAGE_STANDARD = gnu11;
				GCC_DYNAMIC_NO_PIC = NO;
				GCC_NO_COMMON_BLOCKS = YES;
				GCC_OPTIMIZATION_LEVEL = 0;
				GCC_PREPROCESSOR_DEFINITIONS = (
					"DEBUG=1",
					"$(inherited)",
				);
				GCC_WARN_64_TO_32_BIT_CONVERSION = YES;
				GCC_WARN_ABOUT_RETURN_TYPE = YES_ERROR;
				GCC_WARN_UNDECLARED_SELECTOR = YES;
				GCC_WARN_UNINITIALIZED_AUTOS = YES_AGGRESSIVE;
				GCC_WARN_UNUSED_FUNCTION = YES;
				GCC_WARN_UNUSED_VARIABLE = YES;
				IPHONEOS_DEPLOYMENT_TARGET = 13.6;
				MTL_ENABLE_DEBUG_INFO = INCLUDE_SOURCE;
				MTL_FAST_MATH = YES;
				ONLY_ACTIVE_ARCH = YES;
				SDKROOT = iphoneos;
				SWIFT_ACTIVE_COMPILATION_CONDITIONS = DEBUG;
				SWIFT_OPTIMIZATION_LEVEL = "-Onone";
			};
			name = Debug;
		};
		41EE944224DFF13D008A1377 /* Release */ = {
			isa = XCBuildConfiguration;
			buildSettings = {
				ALWAYS_SEARCH_USER_PATHS = NO;
				CLANG_ANALYZER_NONNULL = YES;
				CLANG_ANALYZER_NUMBER_OBJECT_CONVERSION = YES_AGGRESSIVE;
				CLANG_CXX_LANGUAGE_STANDARD = "gnu++14";
				CLANG_CXX_LIBRARY = "libc++";
				CLANG_ENABLE_MODULES = YES;
				CLANG_ENABLE_OBJC_ARC = YES;
				CLANG_ENABLE_OBJC_WEAK = YES;
				CLANG_WARN_BLOCK_CAPTURE_AUTORELEASING = YES;
				CLANG_WARN_BOOL_CONVERSION = YES;
				CLANG_WARN_COMMA = YES;
				CLANG_WARN_CONSTANT_CONVERSION = YES;
				CLANG_WARN_DEPRECATED_OBJC_IMPLEMENTATIONS = YES;
				CLANG_WARN_DIRECT_OBJC_ISA_USAGE = YES_ERROR;
				CLANG_WARN_DOCUMENTATION_COMMENTS = YES;
				CLANG_WARN_EMPTY_BODY = YES;
				CLANG_WARN_ENUM_CONVERSION = YES;
				CLANG_WARN_INFINITE_RECURSION = YES;
				CLANG_WARN_INT_CONVERSION = YES;
				CLANG_WARN_NON_LITERAL_NULL_CONVERSION = YES;
				CLANG_WARN_OBJC_IMPLICIT_RETAIN_SELF = YES;
				CLANG_WARN_OBJC_LITERAL_CONVERSION = YES;
				CLANG_WARN_OBJC_ROOT_CLASS = YES_ERROR;
				CLANG_WARN_RANGE_LOOP_ANALYSIS = YES;
				CLANG_WARN_STRICT_PROTOTYPES = YES;
				CLANG_WARN_SUSPICIOUS_MOVE = YES;
				CLANG_WARN_UNGUARDED_AVAILABILITY = YES_AGGRESSIVE;
				CLANG_WARN_UNREACHABLE_CODE = YES;
				CLANG_WARN__DUPLICATE_METHOD_MATCH = YES;
				COPY_PHASE_STRIP = NO;
				DEBUG_INFORMATION_FORMAT = "dwarf-with-dsym";
				ENABLE_NS_ASSERTIONS = NO;
				ENABLE_STRICT_OBJC_MSGSEND = YES;
				GCC_C_LANGUAGE_STANDARD = gnu11;
				GCC_NO_COMMON_BLOCKS = YES;
				GCC_WARN_64_TO_32_BIT_CONVERSION = YES;
				GCC_WARN_ABOUT_RETURN_TYPE = YES_ERROR;
				GCC_WARN_UNDECLARED_SELECTOR = YES;
				GCC_WARN_UNINITIALIZED_AUTOS = YES_AGGRESSIVE;
				GCC_WARN_UNUSED_FUNCTION = YES;
				GCC_WARN_UNUSED_VARIABLE = YES;
				IPHONEOS_DEPLOYMENT_TARGET = 13.6;
				MTL_ENABLE_DEBUG_INFO = NO;
				MTL_FAST_MATH = YES;
				SDKROOT = iphoneos;
				SWIFT_COMPILATION_MODE = wholemodule;
				SWIFT_OPTIMIZATION_LEVEL = "-O";
				VALIDATE_PRODUCT = YES;
			};
			name = Release;
		};
		41EE944424DFF13D008A1377 /* Debug */ = {
			isa = XCBuildConfiguration;
			buildSettings = {
				ASSETCATALOG_COMPILER_APPICON_NAME = AppIcon;
				CODE_SIGN_STYLE = Automatic;
				DEVELOPMENT_ASSET_PATHS = "\"Weather/Preview Content\"";
				DEVELOPMENT_TEAM = E4898752JP;
				ENABLE_PREVIEWS = YES;
				INFOPLIST_FILE = Weather/Info.plist;
				LD_RUNPATH_SEARCH_PATHS = (
					"$(inherited)",
					"@executable_path/Frameworks",
				);
				PRODUCT_BUNDLE_IDENTIFIER = ValeriiTeptiuk.Weather;
				PRODUCT_NAME = "$(TARGET_NAME)";
				SWIFT_VERSION = 5.0;
				TARGETED_DEVICE_FAMILY = "1,2";
			};
			name = Debug;
		};
		41EE944524DFF13D008A1377 /* Release */ = {
			isa = XCBuildConfiguration;
			buildSettings = {
				ASSETCATALOG_COMPILER_APPICON_NAME = AppIcon;
				CODE_SIGN_STYLE = Automatic;
				DEVELOPMENT_ASSET_PATHS = "\"Weather/Preview Content\"";
				DEVELOPMENT_TEAM = E4898752JP;
				ENABLE_PREVIEWS = YES;
				INFOPLIST_FILE = Weather/Info.plist;
				LD_RUNPATH_SEARCH_PATHS = (
					"$(inherited)",
					"@executable_path/Frameworks",
				);
				PRODUCT_BUNDLE_IDENTIFIER = ValeriiTeptiuk.Weather;
				PRODUCT_NAME = "$(TARGET_NAME)";
				SWIFT_VERSION = 5.0;
				TARGETED_DEVICE_FAMILY = "1,2";
			};
			name = Release;
		};
		41EE944724DFF13D008A1377 /* Debug */ = {
			isa = XCBuildConfiguration;
			buildSettings = {
				ALWAYS_EMBED_SWIFT_STANDARD_LIBRARIES = YES;
				BUNDLE_LOADER = "$(TEST_HOST)";
				CODE_SIGN_STYLE = Automatic;
				DEVELOPMENT_TEAM = E4898752JP;
				INFOPLIST_FILE = WeatherTests/Info.plist;
				IPHONEOS_DEPLOYMENT_TARGET = 13.6;
				LD_RUNPATH_SEARCH_PATHS = (
					"$(inherited)",
					"@executable_path/Frameworks",
					"@loader_path/Frameworks",
				);
				PRODUCT_BUNDLE_IDENTIFIER = ValeriiTeptiuk.WeatherTests;
				PRODUCT_NAME = "$(TARGET_NAME)";
				SWIFT_VERSION = 5.0;
				TARGETED_DEVICE_FAMILY = "1,2";
				TEST_HOST = "$(BUILT_PRODUCTS_DIR)/WeatherApp.app/WeatherApp";
			};
			name = Debug;
		};
		41EE944824DFF13D008A1377 /* Release */ = {
			isa = XCBuildConfiguration;
			buildSettings = {
				ALWAYS_EMBED_SWIFT_STANDARD_LIBRARIES = YES;
				BUNDLE_LOADER = "$(TEST_HOST)";
				CODE_SIGN_STYLE = Automatic;
				DEVELOPMENT_TEAM = E4898752JP;
				INFOPLIST_FILE = WeatherTests/Info.plist;
				IPHONEOS_DEPLOYMENT_TARGET = 13.6;
				LD_RUNPATH_SEARCH_PATHS = (
					"$(inherited)",
					"@executable_path/Frameworks",
					"@loader_path/Frameworks",
				);
				PRODUCT_BUNDLE_IDENTIFIER = ValeriiTeptiuk.WeatherTests;
				PRODUCT_NAME = "$(TARGET_NAME)";
				SWIFT_VERSION = 5.0;
				TARGETED_DEVICE_FAMILY = "1,2";
				TEST_HOST = "$(BUILT_PRODUCTS_DIR)/WeatherApp.app/WeatherApp";
			};
			name = Release;
		};
/* End XCBuildConfiguration section */

/* Begin XCConfigurationList section */
		41EE941F24DFF133008A1377 /* Build configuration list for PBXProject "WeatherApp" */ = {
			isa = XCConfigurationList;
			buildConfigurations = (
				41EE944124DFF13D008A1377 /* Debug */,
				41EE944224DFF13D008A1377 /* Release */,
			);
			defaultConfigurationIsVisible = 0;
			defaultConfigurationName = Release;
		};
		41EE944324DFF13D008A1377 /* Build configuration list for PBXNativeTarget "WeatherApp" */ = {
			isa = XCConfigurationList;
			buildConfigurations = (
				41EE944424DFF13D008A1377 /* Debug */,
				41EE944524DFF13D008A1377 /* Release */,
			);
			defaultConfigurationIsVisible = 0;
			defaultConfigurationName = Release;
		};
		41EE944624DFF13D008A1377 /* Build configuration list for PBXNativeTarget "WeatherAppTests" */ = {
			isa = XCConfigurationList;
			buildConfigurations = (
				41EE944724DFF13D008A1377 /* Debug */,
				41EE944824DFF13D008A1377 /* Release */,
			);
			defaultConfigurationIsVisible = 0;
			defaultConfigurationName = Release;
		};
/* End XCConfigurationList section */
	};
	rootObject = 41EE941C24DFF133008A1377 /* Project object */;
}
